
Microsoft Visual Studio Solution File, Format Version 12.00
Project("{2150E333-8FDC-42A3-9474-1A3956D46DE8}") = "Src", "Src", "{7AA84EA3-42BD-444A-B966-5728C6C4B967}"
EndProject
Project("{2150E333-8FDC-42A3-9474-1A3956D46DE8}") = "Tests", "Tests", "{CEC2B0B7-6201-4546-BB36-76BD3D870241}"
EndProject
Project("{2150E333-8FDC-42A3-9474-1A3956D46DE8}") = "Services", "Services", "{760C133E-B111-474B-8380-ADFA2535CA4C}"
EndProject
Project("{2150E333-8FDC-42A3-9474-1A3956D46DE8}") = "Application", "Application", "{B711F357-8F3D-4F8A-B72E-FFA663626F1F}"
EndProject
Project("{2150E333-8FDC-42A3-9474-1A3956D46DE8}") = "Domain", "Domain", "{1DEAF4C7-BE95-402F-A057-906161CCD00B}"
EndProject
Project("{2150E333-8FDC-42A3-9474-1A3956D46DE8}") = "Infraestructure", "Infraestructure", "{4FCEC466-EA03-435C-AC28-5C971E1DDFCF}"
EndProject
Project("{2150E333-8FDC-42A3-9474-1A3956D46DE8}") = "Transversal", "Transversal", "{8CECA7D5-8DE4-4847-926F-6C9D0D81E227}"
EndProject
Project("{FAE04EC0-301F-11D3-BF4B-00C04F79EFBC}") = "Nexos.Application.Dto", "Nexos.Application.Dto\Nexos.Application.Dto.csproj", "{D10290CC-A281-48C5-9A45-1269EB324DCE}"
EndProject
Project("{FAE04EC0-301F-11D3-BF4B-00C04F79EFBC}") = "Nexos.Application.Interface", "Nexos.Application.Interface\Nexos.Application.Interface.csproj", "{63125FEE-03EF-43F3-85DD-B1101E875BE3}"
EndProject
Project("{FAE04EC0-301F-11D3-BF4B-00C04F79EFBC}") = "Nexos.Application.UseCases", "Nexos.Application.UseCases\Nexos.Application.UseCases.csproj", "{3F909B96-2ED1-438F-A9DC-51FF54784DC9}"
EndProject
Project("{FAE04EC0-301F-11D3-BF4B-00C04F79EFBC}") = "Nexos.Application.Validator", "Nexos.Application.Validator\Nexos.Application.Validator.csproj", "{6542DB90-12BE-42E6-BF69-580A46097F9E}"
EndProject
Project("{FAE04EC0-301F-11D3-BF4B-00C04F79EFBC}") = "Nexos.Domain", "Nexos.Domain\Nexos.Domain.csproj", "{F37AE0D5-0D41-4732-A9C0-9977504FA443}"
EndProject
Project("{FAE04EC0-301F-11D3-BF4B-00C04F79EFBC}") = "Nexos.Infrastructure", "Nexos.Infrastructure\Nexos.Infrastructure.csproj", "{CEB42522-6678-417D-A481-C4A6544CFA99}"
EndProject
Project("{FAE04EC0-301F-11D3-BF4B-00C04F79EFBC}") = "Nexos.Persistence", "Nexos.Persistence\Nexos.Persistence.csproj", "{76D1D4EC-9BAC-4A1A-878B-45C40766B931}"
EndProject
Project("{FAE04EC0-301F-11D3-BF4B-00C04F79EFBC}") = "Transversal.Common", "Transversal.Common\Transversal.Common.csproj", "{B239ABD9-7512-48A3-A9C1-47F78639B8F2}"
EndProject
Project("{FAE04EC0-301F-11D3-BF4B-00C04F79EFBC}") = "Nexos.Services.WebApi", "Nexos.Services.WebApi\Nexos.Services.WebApi.csproj", "{753C2A79-5D72-4862-BBB7-402B2B24BFC9}"
EndProject
Project("{2150E333-8FDC-42A3-9474-1A3956D46DE8}") = "Solution Items", "Solution Items", "{03DE288D-4A48-4BA8-B8B9-5187EB5862C9}"
	ProjectSection(SolutionItems) = preProject
		compose.yaml = compose.yaml
		Directory.Build.props = Directory.Build.props
		Directory.Packages.props = Directory.Packages.props
		global.json = global.json
		README.md = README.md
		.dockerignore = .dockerignore
		.editorconfig = .editorconfig
		.gitignore = .gitignore
	EndProjectSection
EndProject
Global
	GlobalSection(SolutionConfigurationPlatforms) = preSolution
		Debug|Any CPU = Debug|Any CPU
		Release|Any CPU = Release|Any CPU
	EndGlobalSection
	GlobalSection(NestedProjects) = preSolution
		{760C133E-B111-474B-8380-ADFA2535CA4C} = {7AA84EA3-42BD-444A-B966-5728C6C4B967}
		{B711F357-8F3D-4F8A-B72E-FFA663626F1F} = {7AA84EA3-42BD-444A-B966-5728C6C4B967}
		{1DEAF4C7-BE95-402F-A057-906161CCD00B} = {7AA84EA3-42BD-444A-B966-5728C6C4B967}
		{4FCEC466-EA03-435C-AC28-5C971E1DDFCF} = {7AA84EA3-42BD-444A-B966-5728C6C4B967}
		{8CECA7D5-8DE4-4847-926F-6C9D0D81E227} = {7AA84EA3-42BD-444A-B966-5728C6C4B967}
		{D10290CC-A281-48C5-9A45-1269EB324DCE} = {B711F357-8F3D-4F8A-B72E-FFA663626F1F}
		{63125FEE-03EF-43F3-85DD-B1101E875BE3} = {B711F357-8F3D-4F8A-B72E-FFA663626F1F}
		{3F909B96-2ED1-438F-A9DC-51FF54784DC9} = {B711F357-8F3D-4F8A-B72E-FFA663626F1F}
		{6542DB90-12BE-42E6-BF69-580A46097F9E} = {B711F357-8F3D-4F8A-B72E-FFA663626F1F}
		{F37AE0D5-0D41-4732-A9C0-9977504FA443} = {1DEAF4C7-BE95-402F-A057-906161CCD00B}
		{CEB42522-6678-417D-A481-C4A6544CFA99} = {4FCEC466-EA03-435C-AC28-5C971E1DDFCF}
		{76D1D4EC-9BAC-4A1A-878B-45C40766B931} = {4FCEC466-EA03-435C-AC28-5C971E1DDFCF}
		{B239ABD9-7512-48A3-A9C1-47F78639B8F2} = {8CECA7D5-8DE4-4847-926F-6C9D0D81E227}
		{753C2A79-5D72-4862-BBB7-402B2B24BFC9} = {760C133E-B111-474B-8380-ADFA2535CA4C}
	EndGlobalSection
	GlobalSection(ProjectConfigurationPlatforms) = postSolution
		{D10290CC-A281-48C5-9A45-1269EB324DCE}.Debug|Any CPU.ActiveCfg = Debug|Any CPU
		{D10290CC-A281-48C5-9A45-1269EB324DCE}.Debug|Any CPU.Build.0 = Debug|Any CPU
		{D10290CC-A281-48C5-9A45-1269EB324DCE}.Release|Any CPU.ActiveCfg = Release|Any CPU
		{D10290CC-A281-48C5-9A45-1269EB324DCE}.Release|Any CPU.Build.0 = Release|Any CPU
		{63125FEE-03EF-43F3-85DD-B1101E875BE3}.Debug|Any CPU.ActiveCfg = Debug|Any CPU
		{63125FEE-03EF-43F3-85DD-B1101E875BE3}.Debug|Any CPU.Build.0 = Debug|Any CPU
		{63125FEE-03EF-43F3-85DD-B1101E875BE3}.Release|Any CPU.ActiveCfg = Release|Any CPU
		{63125FEE-03EF-43F3-85DD-B1101E875BE3}.Release|Any CPU.Build.0 = Release|Any CPU
		{3F909B96-2ED1-438F-A9DC-51FF54784DC9}.Debug|Any CPU.ActiveCfg = Debug|Any CPU
		{3F909B96-2ED1-438F-A9DC-51FF54784DC9}.Debug|Any CPU.Build.0 = Debug|Any CPU
		{3F909B96-2ED1-438F-A9DC-51FF54784DC9}.Release|Any CPU.ActiveCfg = Release|Any CPU
		{3F909B96-2ED1-438F-A9DC-51FF54784DC9}.Release|Any CPU.Build.0 = Release|Any CPU
		{6542DB90-12BE-42E6-BF69-580A46097F9E}.Debug|Any CPU.ActiveCfg = Debug|Any CPU
		{6542DB90-12BE-42E6-BF69-580A46097F9E}.Debug|Any CPU.Build.0 = Debug|Any CPU
		{6542DB90-12BE-42E6-BF69-580A46097F9E}.Release|Any CPU.ActiveCfg = Release|Any CPU
		{6542DB90-12BE-42E6-BF69-580A46097F9E}.Release|Any CPU.Build.0 = Release|Any CPU
		{F37AE0D5-0D41-4732-A9C0-9977504FA443}.Debug|Any CPU.ActiveCfg = Debug|Any CPU
		{F37AE0D5-0D41-4732-A9C0-9977504FA443}.Debug|Any CPU.Build.0 = Debug|Any CPU
		{F37AE0D5-0D41-4732-A9C0-9977504FA443}.Release|Any CPU.ActiveCfg = Release|Any CPU
		{F37AE0D5-0D41-4732-A9C0-9977504FA443}.Release|Any CPU.Build.0 = Release|Any CPU
		{CEB42522-6678-417D-A481-C4A6544CFA99}.Debug|Any CPU.ActiveCfg = Debug|Any CPU
		{CEB42522-6678-417D-A481-C4A6544CFA99}.Debug|Any CPU.Build.0 = Debug|Any CPU
		{CEB42522-6678-417D-A481-C4A6544CFA99}.Release|Any CPU.ActiveCfg = Release|Any CPU
		{CEB42522-6678-417D-A481-C4A6544CFA99}.Release|Any CPU.Build.0 = Release|Any CPU
		{76D1D4EC-9BAC-4A1A-878B-45C40766B931}.Debug|Any CPU.ActiveCfg = Debug|Any CPU
		{76D1D4EC-9BAC-4A1A-878B-45C40766B931}.Debug|Any CPU.Build.0 = Debug|Any CPU
		{76D1D4EC-9BAC-4A1A-878B-45C40766B931}.Release|Any CPU.ActiveCfg = Release|Any CPU
		{76D1D4EC-9BAC-4A1A-878B-45C40766B931}.Release|Any CPU.Build.0 = Release|Any CPU
		{B239ABD9-7512-48A3-A9C1-47F78639B8F2}.Debug|Any CPU.ActiveCfg = Debug|Any CPU
		{B239ABD9-7512-48A3-A9C1-47F78639B8F2}.Debug|Any CPU.Build.0 = Debug|Any CPU
		{B239ABD9-7512-48A3-A9C1-47F78639B8F2}.Release|Any CPU.ActiveCfg = Release|Any CPU
		{B239ABD9-7512-48A3-A9C1-47F78639B8F2}.Release|Any CPU.Build.0 = Release|Any CPU
		{753C2A79-5D72-4862-BBB7-402B2B24BFC9}.Debug|Any CPU.ActiveCfg = Debug|Any CPU
		{753C2A79-5D72-4862-BBB7-402B2B24BFC9}.Debug|Any CPU.Build.0 = Debug|Any CPU
		{753C2A79-5D72-4862-BBB7-402B2B24BFC9}.Release|Any CPU.ActiveCfg = Release|Any CPU
		{753C2A79-5D72-4862-BBB7-402B2B24BFC9}.Release|Any CPU.Build.0 = Release|Any CPU
	EndGlobalSection
EndGlobal
